
Microsoft Visual Studio Solution File, Format Version 12.00
# Visual Studio Version 17
VisualStudioVersion = 17.5.33530.505
MinimumVisualStudioVersion = 10.0.40219.1
Project("{FAE04EC0-301F-11D3-BF4B-00C04F79EFBC}") = "Latihan-DesktopApp", "Latihan-DesktopApp.csproj", "{01115A78-8E46-488E-85AD-517017C3A2E3}"
EndProject
Global
	GlobalSection(SolutionConfigurationPlatforms) = preSolution
		Debug|Any CPU = Debug|Any CPU
		Release|Any CPU = Release|Any CPU
	EndGlobalSection
	GlobalSection(ProjectConfigurationPlatforms) = postSolution
		{01115A78-8E46-488E-85AD-517017C3A2E3}.Debug|Any CPU.ActiveCfg = Debug|Any CPU
		{01115A78-8E46-488E-85AD-517017C3A2E3}.Debug|Any CPU.Build.0 = Debug|Any CPU
		{01115A78-8E46-488E-85AD-517017C3A2E3}.Release|Any CPU.ActiveCfg = Release|Any CPU
		{01115A78-8E46-488E-85AD-517017C3A2E3}.Release|Any CPU.Build.0 = Release|Any CPU
	EndGlobalSection
	GlobalSection(SolutionProperties) = preSolution
		HideSolutionNode = FALSE
	EndGlobalSection
	GlobalSection(ExtensibilityGlobals) = postSolution
		SolutionGuid = {1A819C1A-22ED-47EB-922E-60B15BD68984}
	EndGlobalSection
EndGlobal
